
Microsoft Visual Studio Solution File, Format Version 9.00
# Visual C++ Express 2005
Project("{8BC9CEB8-8B4A-11D0-8D11-00A0C91BC942}") = "L2Packets", "L2Packets.vcproj", "{3932F75F-1D83-4AE1-ABCB-B1495D0B0AF6}"
EndProject
Global
	GlobalSection(SolutionConfigurationPlatforms) = preSolution
		Debug|Win32 = Debug|Win32
		Release|Win32 = Release|Win32
	EndGlobalSection
	GlobalSection(ProjectConfigurationPlatforms) = postSolution
		{3932F75F-1D83-4AE1-ABCB-B1495D0B0AF6}.Debug|Win32.ActiveCfg = Debug|Win32
		{3932F75F-1D83-4AE1-ABCB-B1495D0B0AF6}.Debug|Win32.Build.0 = Debug|Win32
		{3932F75F-1D83-4AE1-ABCB-B1495D0B0AF6}.Release|Win32.ActiveCfg = Release|Win32
		{3932F75F-1D83-4AE1-ABCB-B1495D0B0AF6}.Release|Win32.Build.0 = Release|Win32
	EndGlobalSection
	GlobalSection(SolutionProperties) = preSolution
		HideSolutionNode = FALSE
	EndGlobalSection
EndGlobal
